// !$*UTF8*$!
{
	archiveVersion = 1;
	classes = {
	};
	objectVersion = 50;
	objects = {

/* Begin PBXBuildFile section */
		045610BD22625ECC008C6F58 /* AppDelegate.swift in Sources */ = {isa = PBXBuildFile; fileRef = 045610BC22625ECC008C6F58 /* AppDelegate.swift */; };
		045610BF22625ECC008C6F58 /* ViewController.swift in Sources */ = {isa = PBXBuildFile; fileRef = 045610BE22625ECC008C6F58 /* ViewController.swift */; };
		045610C222625ECC008C6F58 /* Main.storyboard in Resources */ = {isa = PBXBuildFile; fileRef = 045610C022625ECC008C6F58 /* Main.storyboard */; };
		045610C422625ED4008C6F58 /* Assets.xcassets in Resources */ = {isa = PBXBuildFile; fileRef = 045610C322625ED4008C6F58 /* Assets.xcassets */; };
		045610C722625ED4008C6F58 /* LaunchScreen.storyboard in Resources */ = {isa = PBXBuildFile; fileRef = 045610C522625ED4008C6F58 /* LaunchScreen.storyboard */; };
		045610D7226260BA008C6F58 /* AppCoda-Image.jpeg in Resources */ = {isa = PBXBuildFile; fileRef = 045610D1226260B9008C6F58 /* AppCoda-Image.jpeg */; };
		045610D8226260BA008C6F58 /* AppCoda-PDF.pdf in Resources */ = {isa = PBXBuildFile; fileRef = 045610D2226260B9008C6F58 /* AppCoda-PDF.pdf */; };
		045610D9226260BA008C6F58 /* AppCoda-Keynote.key in Resources */ = {isa = PBXBuildFile; fileRef = 045610D3226260B9008C6F58 /* AppCoda-Keynote.key */; };
		045610DA226260BA008C6F58 /* AppCoda-Text.txt in Resources */ = {isa = PBXBuildFile; fileRef = 045610D4226260B9008C6F58 /* AppCoda-Text.txt */; };
		045610DB226260BA008C6F58 /* AppCoda-Word.docx in Resources */ = {isa = PBXBuildFile; fileRef = 045610D5226260BA008C6F58 /* AppCoda-Word.docx */; };
		045610DC226260BA008C6F58 /* AppCoda-Pages.pages in Resources */ = {isa = PBXBuildFile; fileRef = 045610D6226260BA008C6F58 /* AppCoda-Pages.pages */; };
/* End PBXBuildFile section */

/* Begin PBXFileReference section */
		045610B922625ECC008C6F58 /* DocumentViewerApp.app */ = {isa = PBXFileReference; explicitFileType = wrapper.application; includeInIndex = 0; path = DocumentViewerApp.app; sourceTree = BUILT_PRODUCTS_DIR; };
		045610BC22625ECC008C6F58 /* AppDelegate.swift */ = {isa = PBXFileReference; lastKnownFileType = sourcecode.swift; path = AppDelegate.swift; sourceTree = "<group>"; };
		045610BE22625ECC008C6F58 /* ViewController.swift */ = {isa = PBXFileReference; lastKnownFileType = sourcecode.swift; path = ViewController.swift; sourceTree = "<group>"; };
		045610C122625ECC008C6F58 /* Base */ = {isa = PBXFileReference; lastKnownFileType = file.storyboard; name = Base; path = Base.lproj/Main.storyboard; sourceTree = "<group>"; };
		045610C322625ED4008C6F58 /* Assets.xcassets */ = {isa = PBXFileReference; lastKnownFileType = folder.assetcatalog; path = Assets.xcassets; sourceTree = "<group>"; };
		045610C622625ED4008C6F58 /* Base */ = {isa = PBXFileReference; lastKnownFileType = file.storyboard; name = Base; path = Base.lproj/LaunchScreen.storyboard; sourceTree = "<group>"; };
		045610C822625ED4008C6F58 /* Info.plist */ = {isa = PBXFileReference; lastKnownFileType = text.plist.xml; path = Info.plist; sourceTree = "<group>"; };
		045610D1226260B9008C6F58 /* AppCoda-Image.jpeg */ = {isa = PBXFileReference; lastKnownFileType = image.jpeg; path = "AppCoda-Image.jpeg"; sourceTree = "<group>"; };
		045610D2226260B9008C6F58 /* AppCoda-PDF.pdf */ = {isa = PBXFileReference; lastKnownFileType = image.pdf; path = "AppCoda-PDF.pdf"; sourceTree = "<group>"; };
		045610D3226260B9008C6F58 /* AppCoda-Keynote.key */ = {isa = PBXFileReference; lastKnownFileType = file; path = "AppCoda-Keynote.key"; sourceTree = "<group>"; };
		045610D4226260B9008C6F58 /* AppCoda-Text.txt */ = {isa = PBXFileReference; fileEncoding = 4; lastKnownFileType = text; path = "AppCoda-Text.txt"; sourceTree = "<group>"; };
		045610D5226260BA008C6F58 /* AppCoda-Word.docx */ = {isa = PBXFileReference; lastKnownFileType = file; path = "AppCoda-Word.docx"; sourceTree = "<group>"; };
		045610D6226260BA008C6F58 /* AppCoda-Pages.pages */ = {isa = PBXFileReference; lastKnownFileType = file; path = "AppCoda-Pages.pages"; sourceTree = "<group>"; };
/* End PBXFileReference section */

/* Begin PBXFrameworksBuildPhase section */
		045610B622625ECC008C6F58 /* Frameworks */ = {
			isa = PBXFrameworksBuildPhase;
			buildActionMask = 2147483647;
			files = (
			);
			runOnlyForDeploymentPostprocessing = 0;
		};
/* End PBXFrameworksBuildPhase section */

/* Begin PBXGroup section */
		045610B022625ECC008C6F58 = {
			isa = PBXGroup;
			children = (
				045610BB22625ECC008C6F58 /* DocumentViewerApp */,
				045610BA22625ECC008C6F58 /* Products */,
			);
			sourceTree = "<group>";
		};
		045610BA22625ECC008C6F58 /* Products */ = {
			isa = PBXGroup;
			children = (
				045610B922625ECC008C6F58 /* DocumentViewerApp.app */,
			);
			name = Products;
			sourceTree = "<group>";
		};
		045610BB22625ECC008C6F58 /* DocumentViewerApp */ = {
			isa = PBXGroup;
			children = (
				045610BC22625ECC008C6F58 /* AppDelegate.swift */,
				045610CE22625EE9008C6F58 /* View */,
				045610CF22625EF7008C6F58 /* ViewController */,
				045610D022625F09008C6F58 /* Content */,
				045610C322625ED4008C6F58 /* Assets.xcassets */,
				045610C822625ED4008C6F58 /* Info.plist */,
			);
			path = DocumentViewerApp;
			sourceTree = "<group>";
		};
		045610CE22625EE9008C6F58 /* View */ = {
			isa = PBXGroup;
			children = (
				045610C522625ED4008C6F58 /* LaunchScreen.storyboard */,
				045610C022625ECC008C6F58 /* Main.storyboard */,
			);
			path = View;
			sourceTree = "<group>";
		};
		045610CF22625EF7008C6F58 /* ViewController */ = {
			isa = PBXGroup;
			children = (
				045610BE22625ECC008C6F58 /* ViewController.swift */,
			);
			path = ViewController;
			sourceTree = "<group>";
		};
		045610D022625F09008C6F58 /* Content */ = {
			isa = PBXGroup;
			children = (
				045610D1226260B9008C6F58 /* AppCoda-Image.jpeg */,
				045610D3226260B9008C6F58 /* AppCoda-Keynote.key */,
				045610D6226260BA008C6F58 /* AppCoda-Pages.pages */,
				045610D2226260B9008C6F58 /* AppCoda-PDF.pdf */,
				045610D4226260B9008C6F58 /* AppCoda-Text.txt */,
				045610D5226260BA008C6F58 /* AppCoda-Word.docx */,
			);
			path = Content;
			sourceTree = "<group>";
		};
/* End PBXGroup section */

/* Begin PBXNativeTarget section */
		045610B822625ECC008C6F58 /* DocumentViewerApp */ = {
			isa = PBXNativeTarget;
			buildConfigurationList = 045610CB22625ED4008C6F58 /* Build configuration list for PBXNativeTarget "DocumentViewerApp" */;
			buildPhases = (
				045610B522625ECC008C6F58 /* Sources */,
				045610B622625ECC008C6F58 /* Frameworks */,
				045610B722625ECC008C6F58 /* Resources */,
			);
			buildRules = (
			);
			dependencies = (
			);
			name = DocumentViewerApp;
			productName = DocumentViewerApp;
			productReference = 045610B922625ECC008C6F58 /* DocumentViewerApp.app */;
			productType = "com.apple.product-type.application";
		};
/* End PBXNativeTarget section */

/* Begin PBXProject section */
		045610B122625ECC008C6F58 /* Project object */ = {
			isa = PBXProject;
			attributes = {
				LastSwiftUpdateCheck = 1000;
				LastUpgradeCheck = 1000;
				ORGANIZATIONNAME = PiyushVyas;
				TargetAttributes = {
					045610B822625ECC008C6F58 = {
						CreatedOnToolsVersion = 10.0;
					};
				};
			};
			buildConfigurationList = 045610B422625ECC008C6F58 /* Build configuration list for PBXProject "DocumentViewerApp" */;
			compatibilityVersion = "Xcode 9.3";
			developmentRegion = en;
			hasScannedForEncodings = 0;
			knownRegions = (
				en,
				Base,
			);
			mainGroup = 045610B022625ECC008C6F58;
			productRefGroup = 045610BA22625ECC008C6F58 /* Products */;
			projectDirPath = "";
			projectRoot = "";
			targets = (
				045610B822625ECC008C6F58 /* DocumentViewerApp */,
			);
		};
/* End PBXProject section */

/* Begin PBXResourcesBuildPhase section */
		045610B722625ECC008C6F58 /* Resources */ = {
			isa = PBXResourcesBuildPhase;
			buildActionMask = 2147483647;
			files = (
				045610D9226260BA008C6F58 /* AppCoda-Keynote.key in Resources */,
				045610C722625ED4008C6F58 /* LaunchScreen.storyboard in Resources */,
				045610DA226260BA008C6F58 /* AppCoda-Text.txt in Resources */,
				045610D8226260BA008C6F58 /* AppCoda-PDF.pdf in Resources */,
				045610C422625ED4008C6F58 /* Assets.xcassets in Resources */,
				045610D7226260BA008C6F58 /* AppCoda-Image.jpeg in Resources */,
				045610DB226260BA008C6F58 /* AppCoda-Word.docx in Resources */,
				045610DC226260BA008C6F58 /* AppCoda-Pages.pages in Resources */,
				045610C222625ECC008C6F58 /* Main.storyboard in Resources */,
			);
			runOnlyForDeploymentPostprocessing = 0;
		};
/* End PBXResourcesBuildPhase section */

/* Begin PBXSourcesBuildPhase section */
		045610B522625ECC008C6F58 /* Sources */ = {
			isa = PBXSourcesBuildPhase;
			buildActionMask = 2147483647;
			files = (
				045610BF22625ECC008C6F58 /* ViewController.swift in Sources */,
				045610BD22625ECC008C6F58 /* AppDelegate.swift in Sources */,
			);
			runOnlyForDeploymentPostprocessing = 0;
		};
/* End PBXSourcesBuildPhase section */

/* Begin PBXVariantGroup section */
		045610C022625ECC008C6F58 /* Main.storyboard */ = {
			isa = PBXVariantGroup;
			children = (
				045610C122625ECC008C6F58 /* Base */,
			);
			name = Main.storyboard;
			sourceTree = "<group>";
		};
		045610C522625ED4008C6F58 /* LaunchScreen.storyboard */ = {
			isa = PBXVariantGroup;
			children = (
				045610C622625ED4008C6F58 /* Base */,
			);
			name = LaunchScreen.storyboard;
			sourceTree = "<group>";
		};
/* End PBXVariantGroup section */

/* Begin XCBuildConfiguration section */
		045610C922625ED4008C6F58 /* Debug */ = {
			isa = XCBuildConfiguration;
			buildSettings = {
				ALWAYS_SEARCH_USER_PATHS = NO;
				CLANG_ANALYZER_NONNULL = YES;
				CLANG_ANALYZER_NUMBER_OBJECT_CONVERSION = YES_AGGRESSIVE;
				CLANG_CXX_LANGUAGE_STANDARD = "gnu++14";
				CLANG_CXX_LIBRARY = "libc++";
				CLANG_ENABLE_MODULES = YES;
				CLANG_ENABLE_OBJC_ARC = YES;
				CLANG_ENABLE_OBJC_WEAK = YES;
				CLANG_WARN_BLOCK_CAPTURE_AUTORELEASING = YES;
				CLANG_WARN_BOOL_CONVERSION = YES;
				CLANG_WARN_COMMA = YES;
				CLANG_WARN_CONSTANT_CONVERSION = YES;
				CLANG_WARN_DEPRECATED_OBJC_IMPLEMENTATIONS = YES;
				CLANG_WARN_DIRECT_OBJC_ISA_USAGE = YES_ERROR;
				CLANG_WARN_DOCUMENTATION_COMMENTS = YES;
				CLANG_WARN_EMPTY_BODY = YES;
				CLANG_WARN_ENUM_CONVERSION = YES;
				CLANG_WARN_INFINITE_RECURSION = YES;
				CLANG_WARN_INT_CONVERSION = YES;
				CLANG_WARN_NON_LITERAL_NULL_CONVERSION = YES;
				CLANG_WARN_OBJC_IMPLICIT_RETAIN_SELF = YES;
				CLANG_WARN_OBJC_LITERAL_CONVERSION = YES;
				CLANG_WARN_OBJC_ROOT_CLASS = YES_ERROR;
				CLANG_WARN_RANGE_LOOP_ANALYSIS = YES;
				CLANG_WARN_STRICT_PROTOTYPES = YES;
				CLANG_WARN_SUSPICIOUS_MOVE = YES;
				CLANG_WARN_UNGUARDED_AVAILABILITY = YES_AGGRESSIVE;
				CLANG_WARN_UNREACHABLE_CODE = YES;
				CLANG_WARN__DUPLICATE_METHOD_MATCH = YES;
				CODE_SIGN_IDENTITY = "iPhone Developer";
				COPY_PHASE_STRIP = NO;
				DEBUG_INFORMATION_FORMAT = dwarf;
				ENABLE_STRICT_OBJC_MSGSEND = YES;
				ENABLE_TESTABILITY = YES;
				GCC_C_LANGUAGE_STANDARD = gnu11;
				GCC_DYNAMIC_NO_PIC = NO;
				GCC_NO_COMMON_BLOCKS = YES;
				GCC_OPTIMIZATION_LEVEL = 0;
				GCC_PREPROCESSOR_DEFINITIONS = (
					"DEBUG=1",
					"$(inherited)",
				);
				GCC_WARN_64_TO_32_BIT_CONVERSION = YES;
				GCC_WARN_ABOUT_RETURN_TYPE = YES_ERROR;
				GCC_WARN_UNDECLARED_SELECTOR = YES;
				GCC_WARN_UNINITIALIZED_AUTOS = YES_AGGRESSIVE;
				GCC_WARN_UNUSED_FUNCTION = YES;
				GCC_WARN_UNUSED_VARIABLE = YES;
				IPHONEOS_DEPLOYMENT_TARGET = 12.0;
				MTL_ENABLE_DEBUG_INFO = INCLUDE_SOURCE;
				MTL_FAST_MATH = YES;
				ONLY_ACTIVE_ARCH = YES;
				SDKROOT = iphoneos;
				SWIFT_ACTIVE_COMPILATION_CONDITIONS = DEBUG;
				SWIFT_OPTIMIZATION_LEVEL = "-Onone";
			};
			name = Debug;
		};
		045610CA22625ED4008C6F58 /* Release */ = {
			isa = XCBuildConfiguration;
			buildSettings = {
				ALWAYS_SEARCH_USER_PATHS = NO;
				CLANG_ANALYZER_NONNULL = YES;
				CLANG_ANALYZER_NUMBER_OBJECT_CONVERSION = YES_AGGRESSIVE;
				CLANG_CXX_LANGUAGE_STANDARD = "gnu++14";
				CLANG_CXX_LIBRARY = "libc++";
				CLANG_ENABLE_MODULES = YES;
				CLANG_ENABLE_OBJC_ARC = YES;
				CLANG_ENABLE_OBJC_WEAK = YES;
				CLANG_WARN_BLOCK_CAPTURE_AUTORELEASING = YES;
				CLANG_WARN_BOOL_CONVERSION = YES;
				CLANG_WARN_COMMA = YES;
				CLANG_WARN_CONSTANT_CONVERSION = YES;
				CLANG_WARN_DEPRECATED_OBJC_IMPLEMENTATIONS = YES;
				CLANG_WARN_DIRECT_OBJC_ISA_USAGE = YES_ERROR;
				CLANG_WARN_DOCUMENTATION_COMMENTS = YES;
				CLANG_WARN_EMPTY_BODY = YES;
				CLANG_WARN_ENUM_CONVERSION = YES;
				CLANG_WARN_INFINITE_RECURSION = YES;
				CLANG_WARN_INT_CONVERSION = YES;
				CLANG_WARN_NON_LITERAL_NULL_CONVERSION = YES;
				CLANG_WARN_OBJC_IMPLICIT_RETAIN_SELF = YES;
				CLANG_WARN_OBJC_LITERAL_CONVERSION = YES;
				CLANG_WARN_OBJC_ROOT_CLASS = YES_ERROR;
				CLANG_WARN_RANGE_LOOP_ANALYSIS = YES;
				CLANG_WARN_STRICT_PROTOTYPES = YES;
				CLANG_WARN_SUSPICIOUS_MOVE = YES;
				CLANG_WARN_UNGUARDED_AVAILABILITY = YES_AGGRESSIVE;
				CLANG_WARN_UNREACHABLE_CODE = YES;
				CLANG_WARN__DUPLICATE_METHOD_MATCH = YES;
				CODE_SIGN_IDENTITY = "iPhone Developer";
				COPY_PHASE_STRIP = NO;
				DEBUG_INFORMATION_FORMAT = "dwarf-with-dsym";
				ENABLE_NS_ASSERTIONS = NO;
				ENABLE_STRICT_OBJC_MSGSEND = YES;
				GCC_C_LANGUAGE_STANDARD = gnu11;
				GCC_NO_COMMON_BLOCKS = YES;
				GCC_WARN_64_TO_32_BIT_CONVERSION = YES;
				GCC_WARN_ABOUT_RETURN_TYPE = YES_ERROR;
				GCC_WARN_UNDECLARED_SELECTOR = YES;
				GCC_WARN_UNINITIALIZED_AUTOS = YES_AGGRESSIVE;
				GCC_WARN_UNUSED_FUNCTION = YES;
				GCC_WARN_UNUSED_VARIABLE = YES;
				IPHONEOS_DEPLOYMENT_TARGET = 12.0;
				MTL_ENABLE_DEBUG_INFO = NO;
				MTL_FAST_MATH = YES;
				SDKROOT = iphoneos;
				SWIFT_COMPILATION_MODE = wholemodule;
				SWIFT_OPTIMIZATION_LEVEL = "-O";
				VALIDATE_PRODUCT = YES;
			};
			name = Release;
		};
		045610CC22625ED4008C6F58 /* Debug */ = {
			isa = XCBuildConfiguration;
			buildSettings = {
				ASSETCATALOG_COMPILER_APPICON_NAME = AppIcon;
				CODE_SIGN_STYLE = Manual;
				DEVELOPMENT_TEAM = "";
				INFOPLIST_FILE = DocumentViewerApp/Info.plist;
				LD_RUNPATH_SEARCH_PATHS = (
					"$(inherited)",
					"@executable_path/Frameworks",
				);
				PRODUCT_BUNDLE_IDENTIFIER = PiyushVyas.DocumentViewerApp;
				PRODUCT_NAME = "$(TARGET_NAME)";
				PROVISIONING_PROFILE_SPECIFIER = "";
				SWIFT_VERSION = 4.2;
				TARGETED_DEVICE_FAMILY = "1,2";
			};
			name = Debug;
		};
		045610CD22625ED4008C6F58 /* Release */ = {
			isa = XCBuildConfiguration;
			buildSettings = {
				ASSETCATALOG_COMPILER_APPICON_NAME = AppIcon;
				CODE_SIGN_STYLE = Manual;
				DEVELOPMENT_TEAM = "";
				INFOPLIST_FILE = DocumentViewerApp/Info.plist;
				LD_RUNPATH_SEARCH_PATHS = (
					"$(inherited)",
					"@executable_path/Frameworks",
				);
				PRODUCT_BUNDLE_IDENTIFIER = PiyushVyas.DocumentViewerApp;
				PRODUCT_NAME = "$(TARGET_NAME)";
				PROVISIONING_PROFILE_SPECIFIER = "";
				SWIFT_VERSION = 4.2;
				TARGETED_DEVICE_FAMILY = "1,2";
			};
			name = Release;
		};
/* End XCBuildConfiguration section */

/* Begin XCConfigurationList section */
		045610B422625ECC008C6F58 /* Build configuration list for PBXProject "DocumentViewerApp" */ = {
			isa = XCConfigurationList;
			buildConfigurations = (
				045610C922625ED4008C6F58 /* Debug */,
				045610CA22625ED4008C6F58 /* Release */,
			);
			defaultConfigurationIsVisible = 0;
			defaultConfigurationName = Release;
		};
		045610CB22625ED4008C6F58 /* Build configuration list for PBXNativeTarget "DocumentViewerApp" */ = {
			isa = XCConfigurationList;
			buildConfigurations = (
				045610CC22625ED4008C6F58 /* Debug */,
				045610CD22625ED4008C6F58 /* Release */,
			);
			defaultConfigurationIsVisible = 0;
			defaultConfigurationName = Release;
		};
/* End XCConfigurationList section */
	};
	rootObject = 045610B122625ECC008C6F58 /* Project object */;
}
